
Microsoft Visual Studio Solution File, Format Version 12.00
# Visual Studio Version 16
VisualStudioVersion = 16.0.34031.81
MinimumVisualStudioVersion = 10.0.40219.1
Project("{FAE04EC0-301F-11D3-BF4B-00C04F79EFBC}") = "Lab5_HeapSort_Course3Sem6", "Lab5_HeapSort_Course3Sem6\Lab5_HeapSort_Course3Sem6.csproj", "{90D532BA-1CAD-42B9-8D59-D2ADB468BEF5}"
EndProject
Project("{FAE04EC0-301F-11D3-BF4B-00C04F79EFBC}") = "UnitTestHeapSort", "UnitTestHeapSort\UnitTestHeapSort.csproj", "{422E902C-6FB4-4171-B236-E1A51325AEA1}"
EndProject
Project("{FAE04EC0-301F-11D3-BF4B-00C04F79EFBC}") = "BinaryHeap", "BinaryHeap\BinaryHeap.csproj", "{31BF4978-7F3A-49E1-A8F4-EAE55228D35B}"
EndProject
Global
	GlobalSection(SolutionConfigurationPlatforms) = preSolution
		Debug|Any CPU = Debug|Any CPU
		Release|Any CPU = Release|Any CPU
	EndGlobalSection
	GlobalSection(ProjectConfigurationPlatforms) = postSolution
		{90D532BA-1CAD-42B9-8D59-D2ADB468BEF5}.Debug|Any CPU.ActiveCfg = Debug|Any CPU
		{90D532BA-1CAD-42B9-8D59-D2ADB468BEF5}.Debug|Any CPU.Build.0 = Debug|Any CPU
		{90D532BA-1CAD-42B9-8D59-D2ADB468BEF5}.Release|Any CPU.ActiveCfg = Release|Any CPU
		{90D532BA-1CAD-42B9-8D59-D2ADB468BEF5}.Release|Any CPU.Build.0 = Release|Any CPU
		{422E902C-6FB4-4171-B236-E1A51325AEA1}.Debug|Any CPU.ActiveCfg = Debug|Any CPU
		{422E902C-6FB4-4171-B236-E1A51325AEA1}.Debug|Any CPU.Build.0 = Debug|Any CPU
		{422E902C-6FB4-4171-B236-E1A51325AEA1}.Release|Any CPU.ActiveCfg = Release|Any CPU
		{422E902C-6FB4-4171-B236-E1A51325AEA1}.Release|Any CPU.Build.0 = Release|Any CPU
		{31BF4978-7F3A-49E1-A8F4-EAE55228D35B}.Debug|Any CPU.ActiveCfg = Debug|Any CPU
		{31BF4978-7F3A-49E1-A8F4-EAE55228D35B}.Debug|Any CPU.Build.0 = Debug|Any CPU
		{31BF4978-7F3A-49E1-A8F4-EAE55228D35B}.Release|Any CPU.ActiveCfg = Release|Any CPU
		{31BF4978-7F3A-49E1-A8F4-EAE55228D35B}.Release|Any CPU.Build.0 = Release|Any CPU
	EndGlobalSection
	GlobalSection(SolutionProperties) = preSolution
		HideSolutionNode = FALSE
	EndGlobalSection
	GlobalSection(ExtensibilityGlobals) = postSolution
		SolutionGuid = {BB62D3B5-2EEB-43C8-B7D6-697A252B4333}
	EndGlobalSection
EndGlobal
